Microsoft Visual Studio Solution File, Format Version 12.00
# Visual Studio 15
VisualStudioVersion = 15.0.27428.2002
MinimumVisualStudioVersion = 10.0.40219.1
Project("{9A19103F-16F7-4668-BE54-9A1E7A4F7556}") = "TypeShape.CSharp", "src\TypeShape.CSharp\TypeShape.CSharp.csproj", "{FF5ADD4B-29CD-40AA-A758-334585D3BF31}" 
EndProject
Project("{6EC3EE1D-3C4E-46DD-8F32-0CC8E7565705}") = "TypeShape", "src\TypeShape\TypeShape.fsproj", "{8D52F27F-BA13-4E5F-A8AA-967DCF633814}" 
EndProject
Project("{6EC3EE1D-3C4E-46DD-8F32-0CC8E7565705}") = "TypeShape.Samples", "samples\TypeShape.Samples\TypeShape.Samples.fsproj", "{B4D77691-15C3-4F44-817C-F5F9FECB5971}" 
EndProject
Project("{6EC3EE1D-3C4E-46DD-8F32-0CC8E7565705}") = "TypeShape.Tests", "tests\TypeShape.Tests\TypeShape.Tests.fsproj", "{A6DE630E-2505-429D-9DBD-AAC241B3C766}" 
EndProject
Project("{6EC3EE1D-3C4E-46DD-8F32-0CC8E7565705}") = "TypeShape.Benchmarks", "tests\TypeShape.Benchmarks\TypeShape.Benchmarks.fsproj", "{B8CEC8F8-E10C-44EA-9CD1-B07CD085CEFC}" 
EndProject
Project("{2150E333-8FDC-42A3-9474-1A3956D46DE8}") = ".config", ".config", "{20E642CA-F6D2-4734-BE61-A06BB128BEB4}" 
	ProjectSection(SolutionItems) = preProject
		.config\dotnet-tools.json = .config\dotnet-tools.json
	EndProjectSection
EndProject
Project("{2150E333-8FDC-42A3-9474-1A3956D46DE8}") = ".github", ".github", "{FDC0A2D2-09CF-46BC-A1DC-1822F88ACF97}" 
	ProjectSection(SolutionItems) = preProject
		.github\ISSUE_TEMPLATE.md = .github\ISSUE_TEMPLATE.md
	EndProjectSection
EndProject
Project("{2150E333-8FDC-42A3-9474-1A3956D46DE8}") = ".paket", ".paket", "{B1A8BA78-C7D5-4BE4-B8BF-B7B2C7972A3D}" 
	ProjectSection(SolutionItems) = preProject
		.paket\Paket.Restore.targets = .paket\Paket.Restore.targets
	EndProjectSection
EndProject
Project("{2150E333-8FDC-42A3-9474-1A3956D46DE8}") = "Solution Items", "Solution Items", "{93F920EA-E9E2-4544-96A9-14D4448038B0}" 
	ProjectSection(SolutionItems) = preProject
		.dockerignore = .dockerignore
		.gitattributes = .gitattributes
		.gitignore = .gitignore
		.travis.yml = .travis.yml
		appveyor.yml = appveyor.yml
		build.cmd = build.cmd
		build.fsx = build.fsx
		build.sh = build.sh
		Directory.Build.props = Directory.Build.props
		docker-build.sh = docker-build.sh
		Dockerfile = Dockerfile
		LICENSE.txt = LICENSE.txt
		paket.dependencies = paket.dependencies
		paket.lock = paket.lock
		README.md = README.md
		RELEASE_NOTES.md = RELEASE_NOTES.md
		TypeShape.sln = TypeShape.sln
	EndProjectSection
EndProject
Project("{2150E333-8FDC-42A3-9474-1A3956D46DE8}") = "docs", "docs", "{CA52F1E9-CCB1-4393-B377-9F74F19457B4}" 
	ProjectSection(SolutionItems) = preProject
		docs\Performance.md = docs\Performance.md
	EndProjectSection
EndProject
Project("{2150E333-8FDC-42A3-9474-1A3956D46DE8}") = "samples", "samples", "{D6F33F4A-EB7A-4405-9236-5E14774D2890}" 
EndProject
Project("{2150E333-8FDC-42A3-9474-1A3956D46DE8}") = "src", "src", "{943FD571-9C6B-431B-9985-67C26A17A28C}" 
EndProject
Project("{2150E333-8FDC-42A3-9474-1A3956D46DE8}") = "tests", "tests", "{C4462C32-CD26-4B01-A5D0-C9C5D1257974}" 
EndProject
Global
	GlobalSection(SolutionConfigurationPlatforms) = preSolution
		Debug|Any CPU = Debug|Any CPU
		Release|Any CPU = Release|Any CPU
	EndGlobalSection
	GlobalSection(ProjectConfigurationPlatforms) = postSolution
		{B4D77691-15C3-4F44-817C-F5F9FECB5971}.Debug|Any CPU.ActiveCfg = Debug|Any CPU
		{B4D77691-15C3-4F44-817C-F5F9FECB5971}.Debug|Any CPU.Build.0 = Debug|Any CPU
		{B4D77691-15C3-4F44-817C-F5F9FECB5971}.Release|Any CPU.ActiveCfg = Release|Any CPU
		{B4D77691-15C3-4F44-817C-F5F9FECB5971}.Release|Any CPU.Build.0 = Release|Any CPU
		{8D52F27F-BA13-4E5F-A8AA-967DCF633814}.Debug|Any CPU.ActiveCfg = Debug|Any CPU
		{8D52F27F-BA13-4E5F-A8AA-967DCF633814}.Debug|Any CPU.Build.0 = Debug|Any CPU
		{8D52F27F-BA13-4E5F-A8AA-967DCF633814}.Release|Any CPU.ActiveCfg = Release|Any CPU
		{8D52F27F-BA13-4E5F-A8AA-967DCF633814}.Release|Any CPU.Build.0 = Release|Any CPU
		{FF5ADD4B-29CD-40AA-A758-334585D3BF31}.Debug|Any CPU.ActiveCfg = Debug|Any CPU
		{FF5ADD4B-29CD-40AA-A758-334585D3BF31}.Debug|Any CPU.Build.0 = Debug|Any CPU
		{FF5ADD4B-29CD-40AA-A758-334585D3BF31}.Release|Any CPU.ActiveCfg = Release|Any CPU
		{FF5ADD4B-29CD-40AA-A758-334585D3BF31}.Release|Any CPU.Build.0 = Release|Any CPU
		{B8CEC8F8-E10C-44EA-9CD1-B07CD085CEFC}.Debug|Any CPU.ActiveCfg = Debug|Any CPU
		{B8CEC8F8-E10C-44EA-9CD1-B07CD085CEFC}.Debug|Any CPU.Build.0 = Debug|Any CPU
		{B8CEC8F8-E10C-44EA-9CD1-B07CD085CEFC}.Release|Any CPU.ActiveCfg = Release|Any CPU
		{B8CEC8F8-E10C-44EA-9CD1-B07CD085CEFC}.Release|Any CPU.Build.0 = Release|Any CPU
		{A6DE630E-2505-429D-9DBD-AAC241B3C766}.Debug|Any CPU.ActiveCfg = Debug|Any CPU
		{A6DE630E-2505-429D-9DBD-AAC241B3C766}.Debug|Any CPU.Build.0 = Debug|Any CPU
		{A6DE630E-2505-429D-9DBD-AAC241B3C766}.Release|Any CPU.ActiveCfg = Release|Any CPU
		{A6DE630E-2505-429D-9DBD-AAC241B3C766}.Release|Any CPU.Build.0 = Release|Any CPU
	EndGlobalSection
	GlobalSection(SolutionProperties) = preSolution
		HideSolutionNode = FALSE
	EndGlobalSection
	GlobalSection(NestedProjects) = preSolution
		{B4D77691-15C3-4F44-817C-F5F9FECB5971} = {D6F33F4A-EB7A-4405-9236-5E14774D2890}
		{8D52F27F-BA13-4E5F-A8AA-967DCF633814} = {943FD571-9C6B-431B-9985-67C26A17A28C}
		{FF5ADD4B-29CD-40AA-A758-334585D3BF31} = {943FD571-9C6B-431B-9985-67C26A17A28C}
		{B8CEC8F8-E10C-44EA-9CD1-B07CD085CEFC} = {C4462C32-CD26-4B01-A5D0-C9C5D1257974}
		{A6DE630E-2505-429D-9DBD-AAC241B3C766} = {C4462C32-CD26-4B01-A5D0-C9C5D1257974}
	EndGlobalSection
	GlobalSection(ExtensibilityGlobals) = postSolution
		SolutionGuid = {66D37F88-95A4-4C23-A88E-1CDF4641019C}
	EndGlobalSection
EndGlobal
