
Microsoft Visual Studio Solution File, Format Version 12.00
# Visual Studio 14
VisualStudioVersion = 14.0.25420.1
MinimumVisualStudioVersion = 10.0.40219.1
Project("{F2A71F9B-5D33-465A-A702-920D77279786}") = "TypeShape", "src\TypeShape\TypeShape.fsproj", "{8609D2FB-063F-45FE-94E2-FF251792C495}"
EndProject
Project("{2150E333-8FDC-42A3-9474-1A3956D46DE8}") = "project", "project", "{5BA09F57-003D-4663-869C-CEE98253AD1F}"
	ProjectSection(SolutionItems) = preProject
		.gitignore = .gitignore
		.travis.yml = .travis.yml
		appveyor.yml = appveyor.yml
		build.cmd = build.cmd
		build.fsx = build.fsx
		build.sh = build.sh
		LICENSE.txt = LICENSE.txt
		paket.dependencies = paket.dependencies
		paket.lock = paket.lock
		README.md = README.md
		RELEASE_NOTES.md = RELEASE_NOTES.md
	EndProjectSection
EndProject
Project("{F2A71F9B-5D33-465A-A702-920D77279786}") = "TypeShape.Tests", "tests\TypeShape.Tests\TypeShape.Tests.fsproj", "{2ACF9581-EA10-4C9B-A68A-A9963526E5EC}"
EndProject
Project("{2150E333-8FDC-42A3-9474-1A3956D46DE8}") = "samples", "samples", "{42131FE1-A70A-46AA-9760-C9180B08B951}"
	ProjectSection(SolutionItems) = preProject
		samples\empty.fsx = samples\empty.fsx
		samples\equality-comparer.fsx = samples\equality-comparer.fsx
		samples\gmap.fsx = samples\gmap.fsx
		samples\parser.fsx = samples\parser.fsx
		samples\printer.fsx = samples\printer.fsx
		samples\random.fsx = samples\random.fsx
	EndProjectSection
EndProject
Global
	GlobalSection(SolutionConfigurationPlatforms) = preSolution
		Debug|Any CPU = Debug|Any CPU
		Release|Any CPU = Release|Any CPU
	EndGlobalSection
	GlobalSection(ProjectConfigurationPlatforms) = postSolution
		{8609D2FB-063F-45FE-94E2-FF251792C495}.Debug|Any CPU.ActiveCfg = Debug|Any CPU
		{8609D2FB-063F-45FE-94E2-FF251792C495}.Debug|Any CPU.Build.0 = Debug|Any CPU
		{8609D2FB-063F-45FE-94E2-FF251792C495}.Release|Any CPU.ActiveCfg = Release|Any CPU
		{8609D2FB-063F-45FE-94E2-FF251792C495}.Release|Any CPU.Build.0 = Release|Any CPU
		{2ACF9581-EA10-4C9B-A68A-A9963526E5EC}.Debug|Any CPU.ActiveCfg = Debug|Any CPU
		{2ACF9581-EA10-4C9B-A68A-A9963526E5EC}.Debug|Any CPU.Build.0 = Debug|Any CPU
		{2ACF9581-EA10-4C9B-A68A-A9963526E5EC}.Release|Any CPU.ActiveCfg = Release|Any CPU
		{2ACF9581-EA10-4C9B-A68A-A9963526E5EC}.Release|Any CPU.Build.0 = Release|Any CPU
	EndGlobalSection
	GlobalSection(SolutionProperties) = preSolution
		HideSolutionNode = FALSE
	EndGlobalSection
EndGlobal
